
Microsoft Visual Studio Solution File, Format Version 12.00
# Visual Studio Version 17
VisualStudioVersion = 17.2.32505.173
MinimumVisualStudioVersion = 10.0.40219.1
Project("{9A19103F-16F7-4668-BE54-9A1E7A4F7556}") = "TestApplication.Core", "TestApplication.Core\TestApplication.Core.csproj", "{82604B9F-0AF2-4973-9A7C-0086AE22C745}"
EndProject
Project("{9A19103F-16F7-4668-BE54-9A1E7A4F7556}") = "TestApplication.API", "TestApplication.API\TestApplication.API.csproj", "{F59646FE-4704-4EB3-AC2E-AB629F6AD1C1}"
EndProject
Global
	GlobalSection(SolutionConfigurationPlatforms) = preSolution
		Debug|Any CPU = Debug|Any CPU
		Release|Any CPU = Release|Any CPU
	EndGlobalSection
	GlobalSection(ProjectConfigurationPlatforms) = postSolution
		{82604B9F-0AF2-4973-9A7C-0086AE22C745}.Debug|Any CPU.ActiveCfg = Debug|Any CPU
		{82604B9F-0AF2-4973-9A7C-0086AE22C745}.Debug|Any CPU.Build.0 = Debug|Any CPU
		{82604B9F-0AF2-4973-9A7C-0086AE22C745}.Release|Any CPU.ActiveCfg = Release|Any CPU
		{82604B9F-0AF2-4973-9A7C-0086AE22C745}.Release|Any CPU.Build.0 = Release|Any CPU
		{F59646FE-4704-4EB3-AC2E-AB629F6AD1C1}.Debug|Any CPU.ActiveCfg = Debug|Any CPU
		{F59646FE-4704-4EB3-AC2E-AB629F6AD1C1}.Debug|Any CPU.Build.0 = Debug|Any CPU
		{F59646FE-4704-4EB3-AC2E-AB629F6AD1C1}.Release|Any CPU.ActiveCfg = Release|Any CPU
		{F59646FE-4704-4EB3-AC2E-AB629F6AD1C1}.Release|Any CPU.Build.0 = Release|Any CPU
	EndGlobalSection
	GlobalSection(SolutionProperties) = preSolution
		HideSolutionNode = FALSE
	EndGlobalSection
	GlobalSection(ExtensibilityGlobals) = postSolution
		SolutionGuid = {511E666D-DEB7-41E0-9356-0768A6DB0882}
	EndGlobalSection
EndGlobal
